// !$*UTF8*$!
{
	archiveVersion = 1;
	classes = {
	};
	objectVersion = 56;
	objects = {

/* Begin PBXBuildFile section */
		6F029BCB2BC48C4C009FB1D0 /* MacEssentialsApp.swift in Sources */ = {isa = PBXBuildFile; fileRef = 6F029BCA2BC48C4C009FB1D0 /* MacEssentialsApp.swift */; };
		6F029BCD2BC48C4C009FB1D0 /* ContentView.swift in Sources */ = {isa = PBXBuildFile; fileRef = 6F029BCC2BC48C4C009FB1D0 /* ContentView.swift */; };
		6F029BCF2BC48C4D009FB1D0 /* Assets.xcassets in Resources */ = {isa = PBXBuildFile; fileRef = 6F029BCE2BC48C4D009FB1D0 /* Assets.xcassets */; };
		6F029BD22BC48C4D009FB1D0 /* Preview Assets.xcassets in Resources */ = {isa = PBXBuildFile; fileRef = 6F029BD12BC48C4D009FB1D0 /* Preview Assets.xcassets */; };
		6F029BD42BC48C4D009FB1D0 /* Persistence.swift in Sources */ = {isa = PBXBuildFile; fileRef = 6F029BD32BC48C4D009FB1D0 /* Persistence.swift */; };
		6F029BD72BC48C4D009FB1D0 /* MacEssentials.xcdatamodeld in Sources */ = {isa = PBXBuildFile; fileRef = 6F029BD52BC48C4D009FB1D0 /* MacEssentials.xcdatamodeld */; };
		6F029BDF2BC48CBA009FB1D0 /* VolumeMixerView.swift in Sources */ = {isa = PBXBuildFile; fileRef = 6F029BDE2BC48CBA009FB1D0 /* VolumeMixerView.swift */; };
		6F029BE52BC6118E009FB1D0 /* reverseScrolling.m in Sources */ = {isa = PBXBuildFile; fileRef = 6F029BE42BC6118E009FB1D0 /* reverseScrolling.m */; };
/* End PBXBuildFile section */

/* Begin PBXFileReference section */
		6F029BC72BC48C4C009FB1D0 /* MacEssentials.app */ = {isa = PBXFileReference; explicitFileType = wrapper.application; includeInIndex = 0; path = MacEssentials.app; sourceTree = BUILT_PRODUCTS_DIR; };
		6F029BCA2BC48C4C009FB1D0 /* MacEssentialsApp.swift */ = {isa = PBXFileReference; lastKnownFileType = sourcecode.swift; path = MacEssentialsApp.swift; sourceTree = "<group>"; };
		6F029BCC2BC48C4C009FB1D0 /* ContentView.swift */ = {isa = PBXFileReference; lastKnownFileType = sourcecode.swift; path = ContentView.swift; sourceTree = "<group>"; };
		6F029BCE2BC48C4D009FB1D0 /* Assets.xcassets */ = {isa = PBXFileReference; lastKnownFileType = folder.assetcatalog; path = Assets.xcassets; sourceTree = "<group>"; };
		6F029BD12BC48C4D009FB1D0 /* Preview Assets.xcassets */ = {isa = PBXFileReference; lastKnownFileType = folder.assetcatalog; path = "Preview Assets.xcassets"; sourceTree = "<group>"; };
		6F029BD32BC48C4D009FB1D0 /* Persistence.swift */ = {isa = PBXFileReference; lastKnownFileType = sourcecode.swift; path = Persistence.swift; sourceTree = "<group>"; };
		6F029BD62BC48C4D009FB1D0 /* MacEssentials.xcdatamodel */ = {isa = PBXFileReference; lastKnownFileType = wrapper.xcdatamodel; path = MacEssentials.xcdatamodel; sourceTree = "<group>"; };
		6F029BD82BC48C4D009FB1D0 /* MacEssentials.entitlements */ = {isa = PBXFileReference; lastKnownFileType = text.plist.entitlements; path = MacEssentials.entitlements; sourceTree = "<group>"; };
		6F029BDE2BC48CBA009FB1D0 /* VolumeMixerView.swift */ = {isa = PBXFileReference; fileEncoding = 4; lastKnownFileType = sourcecode.swift; path = VolumeMixerView.swift; sourceTree = "<group>"; };
		6F029BE02BC4D9BF009FB1D0 /* Info.plist */ = {isa = PBXFileReference; lastKnownFileType = text.plist; path = Info.plist; sourceTree = "<group>"; };
		6F029BE32BC6118D009FB1D0 /* MacEssentials-Bridging-Header.h */ = {isa = PBXFileReference; lastKnownFileType = sourcecode.c.h; path = "MacEssentials-Bridging-Header.h"; sourceTree = "<group>"; };
		6F029BE42BC6118E009FB1D0 /* reverseScrolling.m */ = {isa = PBXFileReference; lastKnownFileType = sourcecode.c.objc; path = reverseScrolling.m; sourceTree = "<group>"; };
/* End PBXFileReference section */

/* Begin PBXFrameworksBuildPhase section */
		6F029BC42BC48C4C009FB1D0 /* Frameworks */ = {
			isa = PBXFrameworksBuildPhase;
			buildActionMask = 2147483647;
			files = (
			);
			runOnlyForDeploymentPostprocessing = 0;
		};
/* End PBXFrameworksBuildPhase section */

/* Begin PBXGroup section */
		6F029BBE2BC48C4C009FB1D0 = {
			isa = PBXGroup;
			children = (
				6F029BC92BC48C4C009FB1D0 /* MacEssentials */,
				6F029BC82BC48C4C009FB1D0 /* Products */,
			);
			sourceTree = "<group>";
		};
		6F029BC82BC48C4C009FB1D0 /* Products */ = {
			isa = PBXGroup;
			children = (
				6F029BC72BC48C4C009FB1D0 /* MacEssentials.app */,
			);
			name = Products;
			sourceTree = "<group>";
		};
		6F029BC92BC48C4C009FB1D0 /* MacEssentials */ = {
			isa = PBXGroup;
			children = (
				6F029BE02BC4D9BF009FB1D0 /* Info.plist */,
				6F029BDE2BC48CBA009FB1D0 /* VolumeMixerView.swift */,
				6F029BCA2BC48C4C009FB1D0 /* MacEssentialsApp.swift */,
				6F029BCC2BC48C4C009FB1D0 /* ContentView.swift */,
				6F029BCE2BC48C4D009FB1D0 /* Assets.xcassets */,
				6F029BD32BC48C4D009FB1D0 /* Persistence.swift */,
				6F029BD82BC48C4D009FB1D0 /* MacEssentials.entitlements */,
				6F029BD52BC48C4D009FB1D0 /* MacEssentials.xcdatamodeld */,
				6F029BD02BC48C4D009FB1D0 /* Preview Content */,
				6F029BE42BC6118E009FB1D0 /* reverseScrolling.m */,
				6F029BE32BC6118D009FB1D0 /* MacEssentials-Bridging-Header.h */,
			);
			path = MacEssentials;
			sourceTree = "<group>";
		};
		6F029BD02BC48C4D009FB1D0 /* Preview Content */ = {
			isa = PBXGroup;
			children = (
				6F029BD12BC48C4D009FB1D0 /* Preview Assets.xcassets */,
			);
			path = "Preview Content";
			sourceTree = "<group>";
		};
/* End PBXGroup section */

/* Begin PBXNativeTarget section */
		6F029BC62BC48C4C009FB1D0 /* MacEssentials */ = {
			isa = PBXNativeTarget;
			buildConfigurationList = 6F029BDB2BC48C4D009FB1D0 /* Build configuration list for PBXNativeTarget "MacEssentials" */;
			buildPhases = (
				6F029BC32BC48C4C009FB1D0 /* Sources */,
				6F029BC42BC48C4C009FB1D0 /* Frameworks */,
				6F029BC52BC48C4C009FB1D0 /* Resources */,
			);
			buildRules = (
			);
			dependencies = (
			);
			name = MacEssentials;
			productName = MacEssentials;
			productReference = 6F029BC72BC48C4C009FB1D0 /* MacEssentials.app */;
			productType = "com.apple.product-type.application";
		};
/* End PBXNativeTarget section */

/* Begin PBXProject section */
		6F029BBF2BC48C4C009FB1D0 /* Project object */ = {
			isa = PBXProject;
			attributes = {
				BuildIndependentTargetsInParallel = 1;
				LastSwiftUpdateCheck = 1530;
				LastUpgradeCheck = 1530;
				TargetAttributes = {
					6F029BC62BC48C4C009FB1D0 = {
						CreatedOnToolsVersion = 15.3;
						LastSwiftMigration = 1530;
					};
				};
			};
			buildConfigurationList = 6F029BC22BC48C4C009FB1D0 /* Build configuration list for PBXProject "MacEssentials" */;
			compatibilityVersion = "Xcode 14.0";
			developmentRegion = en;
			hasScannedForEncodings = 0;
			knownRegions = (
				en,
				Base,
			);
			mainGroup = 6F029BBE2BC48C4C009FB1D0;
			productRefGroup = 6F029BC82BC48C4C009FB1D0 /* Products */;
			projectDirPath = "";
			projectRoot = "";
			targets = (
				6F029BC62BC48C4C009FB1D0 /* MacEssentials */,
			);
		};
/* End PBXProject section */

/* Begin PBXResourcesBuildPhase section */
		6F029BC52BC48C4C009FB1D0 /* Resources */ = {
			isa = PBXResourcesBuildPhase;
			buildActionMask = 2147483647;
			files = (
				6F029BD22BC48C4D009FB1D0 /* Preview Assets.xcassets in Resources */,
				6F029BCF2BC48C4D009FB1D0 /* Assets.xcassets in Resources */,
			);
			runOnlyForDeploymentPostprocessing = 0;
		};
/* End PBXResourcesBuildPhase section */

/* Begin PBXSourcesBuildPhase section */
		6F029BC32BC48C4C009FB1D0 /* Sources */ = {
			isa = PBXSourcesBuildPhase;
			buildActionMask = 2147483647;
			files = (
				6F029BD42BC48C4D009FB1D0 /* Persistence.swift in Sources */,
				6F029BDF2BC48CBA009FB1D0 /* VolumeMixerView.swift in Sources */,
				6F029BCD2BC48C4C009FB1D0 /* ContentView.swift in Sources */,
				6F029BD72BC48C4D009FB1D0 /* MacEssentials.xcdatamodeld in Sources */,
				6F029BE52BC6118E009FB1D0 /* reverseScrolling.m in Sources */,
				6F029BCB2BC48C4C009FB1D0 /* MacEssentialsApp.swift in Sources */,
			);
			runOnlyForDeploymentPostprocessing = 0;
		};
/* End PBXSourcesBuildPhase section */

/* Begin XCBuildConfiguration section */
		6F029BD92BC48C4D009FB1D0 /* Debug */ = {
			isa = XCBuildConfiguration;
			buildSettings = {
				ALWAYS_SEARCH_USER_PATHS = NO;
				ASSETCATALOG_COMPILER_GENERATE_SWIFT_ASSET_SYMBOL_EXTENSIONS = YES;
				CLANG_ANALYZER_NONNULL = YES;
				CLANG_ANALYZER_NUMBER_OBJECT_CONVERSION = YES_AGGRESSIVE;
				CLANG_CXX_LANGUAGE_STANDARD = "gnu++20";
				CLANG_ENABLE_MODULES = YES;
				CLANG_ENABLE_OBJC_ARC = YES;
				CLANG_ENABLE_OBJC_WEAK = YES;
				CLANG_WARN_BLOCK_CAPTURE_AUTORELEASING = YES;
				CLANG_WARN_BOOL_CONVERSION = YES;
				CLANG_WARN_COMMA = YES;
				CLANG_WARN_CONSTANT_CONVERSION = YES;
				CLANG_WARN_DEPRECATED_OBJC_IMPLEMENTATIONS = YES;
				CLANG_WARN_DIRECT_OBJC_ISA_USAGE = YES_ERROR;
				CLANG_WARN_DOCUMENTATION_COMMENTS = YES;
				CLANG_WARN_EMPTY_BODY = YES;
				CLANG_WARN_ENUM_CONVERSION = YES;
				CLANG_WARN_INFINITE_RECURSION = YES;
				CLANG_WARN_INT_CONVERSION = YES;
				CLANG_WARN_NON_LITERAL_NULL_CONVERSION = YES;
				CLANG_WARN_OBJC_IMPLICIT_RETAIN_SELF = YES;
				CLANG_WARN_OBJC_LITERAL_CONVERSION = YES;
				CLANG_WARN_OBJC_ROOT_CLASS = YES_ERROR;
				CLANG_WARN_QUOTED_INCLUDE_IN_FRAMEWORK_HEADER = YES;
				CLANG_WARN_RANGE_LOOP_ANALYSIS = YES;
				CLANG_WARN_STRICT_PROTOTYPES = YES;
				CLANG_WARN_SUSPICIOUS_MOVE = YES;
				CLANG_WARN_UNGUARDED_AVAILABILITY = YES_AGGRESSIVE;
				CLANG_WARN_UNREACHABLE_CODE = YES;
				CLANG_WARN__DUPLICATE_METHOD_MATCH = YES;
				COPY_PHASE_STRIP = NO;
				DEBUG_INFORMATION_FORMAT = dwarf;
				ENABLE_STRICT_OBJC_MSGSEND = YES;
				ENABLE_TESTABILITY = YES;
				ENABLE_USER_SCRIPT_SANDBOXING = YES;
				GCC_C_LANGUAGE_STANDARD = gnu17;
				GCC_DYNAMIC_NO_PIC = NO;
				GCC_NO_COMMON_BLOCKS = YES;
				GCC_OPTIMIZATION_LEVEL = 0;
				GCC_PREPROCESSOR_DEFINITIONS = (
					"DEBUG=1",
					"$(inherited)",
				);
				GCC_WARN_64_TO_32_BIT_CONVERSION = YES;
				GCC_WARN_ABOUT_RETURN_TYPE = YES_ERROR;
				GCC_WARN_UNDECLARED_SELECTOR = YES;
				GCC_WARN_UNINITIALIZED_AUTOS = YES_AGGRESSIVE;
				GCC_WARN_UNUSED_FUNCTION = YES;
				GCC_WARN_UNUSED_VARIABLE = YES;
				LOCALIZATION_PREFERS_STRING_CATALOGS = YES;
				MACOSX_DEPLOYMENT_TARGET = 14.3;
				MTL_ENABLE_DEBUG_INFO = INCLUDE_SOURCE;
				MTL_FAST_MATH = YES;
				ONLY_ACTIVE_ARCH = YES;
				SDKROOT = macosx;
				SWIFT_ACTIVE_COMPILATION_CONDITIONS = "DEBUG $(inherited)";
				SWIFT_OPTIMIZATION_LEVEL = "-Onone";
			};
			name = Debug;
		};
		6F029BDA2BC48C4D009FB1D0 /* Release */ = {
			isa = XCBuildConfiguration;
			buildSettings = {
				ALWAYS_SEARCH_USER_PATHS = NO;
				ASSETCATALOG_COMPILER_GENERATE_SWIFT_ASSET_SYMBOL_EXTENSIONS = YES;
				CLANG_ANALYZER_NONNULL = YES;
				CLANG_ANALYZER_NUMBER_OBJECT_CONVERSION = YES_AGGRESSIVE;
				CLANG_CXX_LANGUAGE_STANDARD = "gnu++20";
				CLANG_ENABLE_MODULES = YES;
				CLANG_ENABLE_OBJC_ARC = YES;
				CLANG_ENABLE_OBJC_WEAK = YES;
				CLANG_WARN_BLOCK_CAPTURE_AUTORELEASING = YES;
				CLANG_WARN_BOOL_CONVERSION = YES;
				CLANG_WARN_COMMA = YES;
				CLANG_WARN_CONSTANT_CONVERSION = YES;
				CLANG_WARN_DEPRECATED_OBJC_IMPLEMENTATIONS = YES;
				CLANG_WARN_DIRECT_OBJC_ISA_USAGE = YES_ERROR;
				CLANG_WARN_DOCUMENTATION_COMMENTS = YES;
				CLANG_WARN_EMPTY_BODY = YES;
				CLANG_WARN_ENUM_CONVERSION = YES;
				CLANG_WARN_INFINITE_RECURSION = YES;
				CLANG_WARN_INT_CONVERSION = YES;
				CLANG_WARN_NON_LITERAL_NULL_CONVERSION = YES;
				CLANG_WARN_OBJC_IMPLICIT_RETAIN_SELF = YES;
				CLANG_WARN_OBJC_LITERAL_CONVERSION = YES;
				CLANG_WARN_OBJC_ROOT_CLASS = YES_ERROR;
				CLANG_WARN_QUOTED_INCLUDE_IN_FRAMEWORK_HEADER = YES;
				CLANG_WARN_RANGE_LOOP_ANALYSIS = YES;
				CLANG_WARN_STRICT_PROTOTYPES = YES;
				CLANG_WARN_SUSPICIOUS_MOVE = YES;
				CLANG_WARN_UNGUARDED_AVAILABILITY = YES_AGGRESSIVE;
				CLANG_WARN_UNREACHABLE_CODE = YES;
				CLANG_WARN__DUPLICATE_METHOD_MATCH = YES;
				COPY_PHASE_STRIP = NO;
				DEBUG_INFORMATION_FORMAT = "dwarf-with-dsym";
				ENABLE_NS_ASSERTIONS = NO;
				ENABLE_STRICT_OBJC_MSGSEND = YES;
				ENABLE_USER_SCRIPT_SANDBOXING = YES;
				GCC_C_LANGUAGE_STANDARD = gnu17;
				GCC_NO_COMMON_BLOCKS = YES;
				GCC_WARN_64_TO_32_BIT_CONVERSION = YES;
				GCC_WARN_ABOUT_RETURN_TYPE = YES_ERROR;
				GCC_WARN_UNDECLARED_SELECTOR = YES;
				GCC_WARN_UNINITIALIZED_AUTOS = YES_AGGRESSIVE;
				GCC_WARN_UNUSED_FUNCTION = YES;
				GCC_WARN_UNUSED_VARIABLE = YES;
				LOCALIZATION_PREFERS_STRING_CATALOGS = YES;
				MACOSX_DEPLOYMENT_TARGET = 14.3;
				MTL_ENABLE_DEBUG_INFO = NO;
				MTL_FAST_MATH = YES;
				SDKROOT = macosx;
				SWIFT_COMPILATION_MODE = wholemodule;
			};
			name = Release;
		};
		6F029BDC2BC48C4D009FB1D0 /* Debug */ = {
			isa = XCBuildConfiguration;
			buildSettings = {
				ASSETCATALOG_COMPILER_APPICON_NAME = AppIcon;
				ASSETCATALOG_COMPILER_GLOBAL_ACCENT_COLOR_NAME = AccentColor;
				CLANG_ENABLE_MODULES = YES;
				CODE_SIGN_ENTITLEMENTS = MacEssentials/MacEssentials.entitlements;
				"CODE_SIGN_IDENTITY[sdk=macosx*]" = "Apple Development";
				CODE_SIGN_STYLE = Manual;
				COMBINE_HIDPI_IMAGES = YES;
				CURRENT_PROJECT_VERSION = 1;
				DEVELOPMENT_ASSET_PATHS = "\"MacEssentials/Preview Content\"";
				DEVELOPMENT_TEAM = "";
				"DEVELOPMENT_TEAM[sdk=macosx*]" = C4LUPRQD8Z;
				ENABLE_PREVIEWS = YES;
				GENERATE_INFOPLIST_FILE = YES;
				INFOPLIST_FILE = MacEssentials/Info.plist;
				INFOPLIST_KEY_LSUIElement = YES;
				INFOPLIST_KEY_NSHumanReadableCopyright = "";
				LD_RUNPATH_SEARCH_PATHS = (
					"$(inherited)",
					"@executable_path/../Frameworks",
				);
				MARKETING_VERSION = 1.0;
				PRODUCT_BUNDLE_IDENTIFIER = Krish.MacEssentials;
				PRODUCT_NAME = "$(TARGET_NAME)";
				PROVISIONING_PROFILE_SPECIFIER = "";
				SWIFT_EMIT_LOC_STRINGS = YES;
				SWIFT_OBJC_BRIDGING_HEADER = "MacEssentials/MacEssentials-Bridging-Header.h";
				SWIFT_OPTIMIZATION_LEVEL = "-Onone";
				SWIFT_VERSION = 5.0;
			};
			name = Debug;
		};
		6F029BDD2BC48C4D009FB1D0 /* Release */ = {
			isa = XCBuildConfiguration;
			buildSettings = {
				ASSETCATALOG_COMPILER_APPICON_NAME = AppIcon;
				ASSETCATALOG_COMPILER_GLOBAL_ACCENT_COLOR_NAME = AccentColor;
				CLANG_ENABLE_MODULES = YES;
				CODE_SIGN_ENTITLEMENTS = MacEssentials/MacEssentials.entitlements;
				"CODE_SIGN_IDENTITY[sdk=macosx*]" = "Apple Development";
				CODE_SIGN_STYLE = Manual;
				COMBINE_HIDPI_IMAGES = YES;
				CURRENT_PROJECT_VERSION = 1;
				DEVELOPMENT_ASSET_PATHS = "\"MacEssentials/Preview Content\"";
				DEVELOPMENT_TEAM = "";
				"DEVELOPMENT_TEAM[sdk=macosx*]" = C4LUPRQD8Z;
				ENABLE_PREVIEWS = YES;
				GENERATE_INFOPLIST_FILE = YES;
				INFOPLIST_FILE = MacEssentials/Info.plist;
				INFOPLIST_KEY_LSUIElement = YES;
				INFOPLIST_KEY_NSHumanReadableCopyright = "";
				LD_RUNPATH_SEARCH_PATHS = (
					"$(inherited)",
					"@executable_path/../Frameworks",
				);
				MARKETING_VERSION = 1.0;
				PRODUCT_BUNDLE_IDENTIFIER = Krish.MacEssentials;
				PRODUCT_NAME = "$(TARGET_NAME)";
				PROVISIONING_PROFILE_SPECIFIER = "";
				SWIFT_EMIT_LOC_STRINGS = YES;
				SWIFT_OBJC_BRIDGING_HEADER = "MacEssentials/MacEssentials-Bridging-Header.h";
				SWIFT_VERSION = 5.0;
			};
			name = Release;
		};
/* End XCBuildConfiguration section */

/* Begin XCConfigurationList section */
		6F029BC22BC48C4C009FB1D0 /* Build configuration list for PBXProject "MacEssentials" */ = {
			isa = XCConfigurationList;
			buildConfigurations = (
				6F029BD92BC48C4D009FB1D0 /* Debug */,
				6F029BDA2BC48C4D009FB1D0 /* Release */,
			);
			defaultConfigurationIsVisible = 0;
			defaultConfigurationName = Release;
		};
		6F029BDB2BC48C4D009FB1D0 /* Build configuration list for PBXNativeTarget "MacEssentials" */ = {
			isa = XCConfigurationList;
			buildConfigurations = (
				6F029BDC2BC48C4D009FB1D0 /* Debug */,
				6F029BDD2BC48C4D009FB1D0 /* Release */,
			);
			defaultConfigurationIsVisible = 0;
			defaultConfigurationName = Release;
		};
/* End XCConfigurationList section */

/* Begin XCVersionGroup section */
		6F029BD52BC48C4D009FB1D0 /* MacEssentials.xcdatamodeld */ = {
			isa = XCVersionGroup;
			children = (
				6F029BD62BC48C4D009FB1D0 /* MacEssentials.xcdatamodel */,
			);
			currentVersion = 6F029BD62BC48C4D009FB1D0 /* MacEssentials.xcdatamodel */;
			path = MacEssentials.xcdatamodeld;
			sourceTree = "<group>";
			versionGroupType = wrapper.xcdatamodel;
		};
/* End XCVersionGroup section */
	};
	rootObject = 6F029BBF2BC48C4C009FB1D0 /* Project object */;
}
